# This file is automatically @generated by Cargo.
# It is not intended for manual editing.
version = 3

[[package]]
name = "message_passing"
version = "0.1.0"

[[package]]
name = "move_"
version = "0.1.0"

[[package]]
name = "send_sync"
version = "0.1.0"

[[package]]
name = "shared_status"
version = "0.1.0"

[[package]]
name = "spawn_"
version = "0.1.0"
