# This file is automatically @generated by Cargo.
# It is not intended for manual editing.
version = 3

[[package]]
name = "avoid_reference_loop"
version = "0.1.0"

[[package]]
name = "box_"
version = "0.1.0"

[[package]]
name = "drop_"
version = "0.1.0"

[[package]]
name = "rc_"
version = "0.1.0"

[[package]]
name = "refcell_"
version = "0.1.0"

[[package]]
name = "reference_loop"
version = "0.1.0"
